
Microsoft Visual Studio Solution File, Format Version 12.00
# Visual Studio 15
VisualStudioVersion = 15.0.27130.2027
MinimumVisualStudioVersion = 10.0.40219.1
Project("{FAE04EC0-301F-11D3-BF4B-00C04F79EFBC}") = "WebApi", "WebApi\WebApi.csproj", "{F94DFB1D-9EA8-405B-BF92-EF706130CA49}"
EndProject
Project("{FAE04EC0-301F-11D3-BF4B-00C04F79EFBC}") = "DataModel", "DataModel\DataModel.csproj", "{C33FD82F-3672-4F92-B408-AC6872D5C785}"
EndProject
Project("{FAE04EC0-301F-11D3-BF4B-00C04F79EFBC}") = "BusinessEntities", "BusinessEntities\BusinessEntities.csproj", "{C847E980-2558-4EFC-A0CA-5C3426FFF511}"
EndProject
Project("{FAE04EC0-301F-11D3-BF4B-00C04F79EFBC}") = "BusinessServices", "BusinessServices\BusinessServices.csproj", "{C4D0B4CF-12A2-4ED9-ACC0-A0C56CB307CE}"
EndProject
Global
	GlobalSection(SolutionConfigurationPlatforms) = preSolution
		Debug|Any CPU = Debug|Any CPU
		Release|Any CPU = Release|Any CPU
	EndGlobalSection
	GlobalSection(ProjectConfigurationPlatforms) = postSolution
		{F94DFB1D-9EA8-405B-BF92-EF706130CA49}.Debug|Any CPU.ActiveCfg = Debug|Any CPU
		{F94DFB1D-9EA8-405B-BF92-EF706130CA49}.Debug|Any CPU.Build.0 = Debug|Any CPU
		{F94DFB1D-9EA8-405B-BF92-EF706130CA49}.Release|Any CPU.ActiveCfg = Release|Any CPU
		{F94DFB1D-9EA8-405B-BF92-EF706130CA49}.Release|Any CPU.Build.0 = Release|Any CPU
		{C33FD82F-3672-4F92-B408-AC6872D5C785}.Debug|Any CPU.ActiveCfg = Debug|Any CPU
		{C33FD82F-3672-4F92-B408-AC6872D5C785}.Debug|Any CPU.Build.0 = Debug|Any CPU
		{C33FD82F-3672-4F92-B408-AC6872D5C785}.Release|Any CPU.ActiveCfg = Release|Any CPU
		{C33FD82F-3672-4F92-B408-AC6872D5C785}.Release|Any CPU.Build.0 = Release|Any CPU
		{C847E980-2558-4EFC-A0CA-5C3426FFF511}.Debug|Any CPU.ActiveCfg = Debug|Any CPU
		{C847E980-2558-4EFC-A0CA-5C3426FFF511}.Debug|Any CPU.Build.0 = Debug|Any CPU
		{C847E980-2558-4EFC-A0CA-5C3426FFF511}.Release|Any CPU.ActiveCfg = Release|Any CPU
		{C847E980-2558-4EFC-A0CA-5C3426FFF511}.Release|Any CPU.Build.0 = Release|Any CPU
		{C4D0B4CF-12A2-4ED9-ACC0-A0C56CB307CE}.Debug|Any CPU.ActiveCfg = Debug|Any CPU
		{C4D0B4CF-12A2-4ED9-ACC0-A0C56CB307CE}.Debug|Any CPU.Build.0 = Debug|Any CPU
		{C4D0B4CF-12A2-4ED9-ACC0-A0C56CB307CE}.Release|Any CPU.ActiveCfg = Release|Any CPU
		{C4D0B4CF-12A2-4ED9-ACC0-A0C56CB307CE}.Release|Any CPU.Build.0 = Release|Any CPU
	EndGlobalSection
	GlobalSection(SolutionProperties) = preSolution
		HideSolutionNode = FALSE
	EndGlobalSection
	GlobalSection(ExtensibilityGlobals) = postSolution
		SolutionGuid = {77FD0566-18D6-4B86-A583-77E1674D9027}
	EndGlobalSection
EndGlobal
